# This file is automatically @generated by Cargo.
# It is not intended for manual editing.
version = 3

[[package]]
name = "autocfg"
version = "1.0.1"
source = "registry+https://github.com/rust-lang/crates.io-index"
checksum = "cdb031dd78e28731d87d56cc8ffef4a8f36ca26c38fe2de700543e627f8a464a"

[[package]]
name = "bitflags"
version = "0.7.0"
source = "registry+https://github.com/rust-lang/crates.io-index"
checksum = "aad18937a628ec6abcd26d1489012cc0e18c21798210f491af69ded9b881106d"

[[package]]
name = "bitflags"
version = "1.3.2"
source = "registry+https://github.com/rust-lang/crates.io-index"
checksum = "bef38d45163c2f1dde094a7dfd33ccf595c92905c8f8f4fdc18d06fb1037718a"

[[package]]
name = "byteorder"
version = "1.4.3"
source = "registry+https://github.com/rust-lang/crates.io-index"
checksum = "14c189c53d098945499cdfa7ecc63567cf3886b3332b312a5b4585d8d3a6a610"

[[package]]
name = "cfg-if"
version = "1.0.0"
source = "registry+https://github.com/rust-lang/crates.io-index"
checksum = "baf1de4339761588bc0619e3cbc0120ee582ebb74b53b4efbf79117bd2da40fd"

[[package]]
name = "enum_primitive"
version = "0.1.1"
source = "registry+https://github.com/rust-lang/crates.io-index"
checksum = "be4551092f4d519593039259a9ed8daedf0da12e5109c5280338073eaeb81180"
dependencies = [
 "num-traits 0.1.40",
]

[[package]]
name = "fuchsia-zircon"
version = "0.2.1"
source = "registry+https://github.com/rust-lang/crates.io-index"
checksum = "f6c0581a4e363262e52b87f59ee2afe3415361c6ec35e665924eb08afe8ff159"
dependencies = [
 "fuchsia-zircon-sys",
]

[[package]]
name = "fuchsia-zircon-sys"
version = "0.2.0"
source = "registry+https://github.com/rust-lang/crates.io-index"
checksum = "43f3795b4bae048dc6123a6b972cadde2e676f9ded08aef6bb77f5f157684a82"
dependencies = [
 "bitflags 0.7.0",
]

[[package]]
name = "gcc"
version = "0.3.54"
source = "registry+https://github.com/rust-lang/crates.io-index"
checksum = "5e33ec290da0d127825013597dbdfc28bee4964690c7ce1166cbc2a7bd08b1bb"

[[package]]
name = "gdi32-sys"
version = "0.1.1"
source = "registry+https://github.com/rust-lang/crates.io-index"
checksum = "65256ec4dc2592e6f05bfc1ca3b956a4e0698aa90b1dff1f5687d55a5a3fd59a"
dependencies = [
 "winapi",
]

[[package]]
name = "kernel32-sys"
version = "0.1.4"
source = "registry+https://github.com/rust-lang/crates.io-index"
checksum = "e014dab1082fd9d80ea1fa6fcb261b47ed3eb511612a14198bb507701add083e"
dependencies = [
 "winapi",
 "winapi-build",
]

[[package]]
name = "kernel32-sys"
version = "0.2.2"
source = "registry+https://github.com/rust-lang/crates.io-index"
checksum = "7507624b29483431c0ba2d82aece8ca6cdba9382bff4ddd0f7490560c056098d"
dependencies = [
 "winapi",
 "winapi-build",
]

[[package]]
name = "lazy_static"
version = "0.2.9"
source = "registry+https://github.com/rust-lang/crates.io-index"
checksum = "c9e5e58fa1a4c3b915a561a78a22ee0cac6ab97dca2504428bc1cb074375f8d5"

[[package]]
name = "lazy_static"
version = "1.4.0"
source = "registry+https://github.com/rust-lang/crates.io-index"
checksum = "e2abad23fbc42b3700f2f279844dc832adb2b2eb069b2df918f455c4e18cc646"

[[package]]
name = "libc"
version = "0.2.112"
source = "registry+https://github.com/rust-lang/crates.io-index"
checksum = "1b03d17f364a3a042d5e5d46b053bbbf82c92c9430c592dd4c064dc6ee997125"

[[package]]
name = "minifb"
version = "0.10.3"
source = "registry+https://github.com/rust-lang/crates.io-index"
checksum = "de031ff6a2afd2b59a437fcb0d910b7e04a5b7526e969a8e703bba2907f81379"
dependencies = [
 "gcc",
 "gdi32-sys",
 "kernel32-sys 0.1.4",
 "orbclient",
 "time",
 "user32-sys",
 "winapi",
 "x11-dl",
]

[[package]]
name = "num"
version = "0.1.40"
source = "registry+https://github.com/rust-lang/crates.io-index"
checksum = "a311b77ebdc5dd4cf6449d81e4135d9f0e3b153839ac90e648a8ef538f923525"
dependencies = [
 "num-bigint",
 "num-complex",
 "num-integer",
 "num-iter",
 "num-rational",
 "num-traits 0.1.40",
]

[[package]]
name = "num-bigint"
version = "0.1.44"
source = "registry+https://github.com/rust-lang/crates.io-index"
checksum = "e63899ad0da84ce718c14936262a41cee2c79c981fc0a0e7c7beb47d5a07e8c1"
dependencies = [
 "num-integer",
 "num-traits 0.2.14",
 "rand",
 "rustc-serialize",
]

[[package]]
name = "num-complex"
version = "0.1.43"
source = "registry+https://github.com/rust-lang/crates.io-index"
checksum = "b288631d7878aaf59442cffd36910ea604ecd7745c36054328595114001c9656"
dependencies = [
 "num-traits 0.2.14",
 "rustc-serialize",
]

[[package]]
name = "num-integer"
version = "0.1.44"
source = "registry+https://github.com/rust-lang/crates.io-index"
checksum = "d2cc698a63b549a70bc047073d2949cce27cd1c7b0a4a862d08a8031bc2801db"
dependencies = [
 "autocfg",
 "num-traits 0.2.14",
]

[[package]]
name = "num-iter"
version = "0.1.34"
source = "registry+https://github.com/rust-lang/crates.io-index"
checksum = "7485fcc84f85b4ecd0ea527b14189281cf27d60e583ae65ebc9c088b13dffe01"
dependencies = [
 "num-integer",
 "num-traits 0.1.40",
]

[[package]]
name = "num-rational"
version = "0.1.42"
source = "registry+https://github.com/rust-lang/crates.io-index"
checksum = "ee314c74bd753fc86b4780aa9475da469155f3848473a261d2d18e35245a784e"
dependencies = [
 "num-bigint",
 "num-integer",
 "num-traits 0.2.14",
 "rustc-serialize",
]

[[package]]
name = "num-traits"
version = "0.1.40"
source = "registry+https://github.com/rust-lang/crates.io-index"
checksum = "99843c856d68d8b4313b03a17e33c4bb42ae8f6610ea81b28abe076ac721b9b0"

[[package]]
name = "num-traits"
version = "0.2.14"
source = "registry+https://github.com/rust-lang/crates.io-index"
checksum = "9a64b1ec5cda2586e284722486d802acf1f7dbdc623e2bfc57e65ca1cd099290"
dependencies = [
 "autocfg",
]

[[package]]
name = "orbclient"
version = "0.3.12"
source = "registry+https://github.com/rust-lang/crates.io-index"
checksum = "6e5d8d9900998fb4b9394e27058aa22a6d3509fb67dd860f74ba0507d4406943"
dependencies = [
 "redox_syscall",
 "sdl2 0.30.0",
]

[[package]]
name = "pkg-config"
version = "0.3.9"
source = "registry+https://github.com/rust-lang/crates.io-index"
checksum = "3a8b4c6b8165cd1a1cd4b9b120978131389f64bdaf456435caa41e630edba903"

[[package]]
name = "rand"
version = "0.3.17"
source = "registry+https://github.com/rust-lang/crates.io-index"
checksum = "61efcbcd9fa8d8fbb07c84e34a8af18a1ff177b449689ad38a6e9457ecc7b2ae"
dependencies = [
 "fuchsia-zircon",
 "libc",
]

[[package]]
name = "redox_syscall"
version = "0.1.31"
source = "registry+https://github.com/rust-lang/crates.io-index"
checksum = "8dde11f18c108289bef24469638a04dce49da56084f2d50618b226e47eb04509"

[[package]]
name = "rust64"
version = "0.6.0"
dependencies = [
 "byteorder",
 "enum_primitive",
 "minifb",
 "num",
 "rand",
 "sdl2 0.35.1",
 "time",
]

[[package]]
name = "rustc-serialize"
version = "0.3.24"
source = "registry+https://github.com/rust-lang/crates.io-index"
checksum = "dcf128d1287d2ea9d80910b5f1120d0b8eede3fbf1abe91c40d39ea7d51e6fda"

[[package]]
name = "sdl2"
version = "0.30.0"
source = "registry+https://github.com/rust-lang/crates.io-index"
checksum = "63066036ad426250ac56d23e38fd05063b38b661556acd596f4046cc92d98415"
dependencies = [
 "bitflags 0.7.0",
 "lazy_static 0.2.9",
 "libc",
 "num",
 "rand",
 "sdl2-sys 0.30.0",
]

[[package]]
name = "sdl2"
version = "0.35.1"
source = "registry+https://github.com/rust-lang/crates.io-index"
checksum = "f035f8e87735fa3a8437292be49fe6056450f7cbb13c230b4bcd1bdd7279421f"
dependencies = [
 "bitflags 1.3.2",
 "lazy_static 1.4.0",
 "libc",
 "sdl2-sys 0.35.1",
]

[[package]]
name = "sdl2-sys"
version = "0.30.0"
source = "registry+https://github.com/rust-lang/crates.io-index"
checksum = "b48638b7882759f3421038fcd38ad5f1ea19b119d80c99f1601933004629e34d"
dependencies = [
 "libc",
]

[[package]]
name = "sdl2-sys"
version = "0.35.1"
source = "registry+https://github.com/rust-lang/crates.io-index"
checksum = "94cb479353c0603785c834e2307440d83d196bf255f204f7f6741358de8d6a2f"
dependencies = [
 "cfg-if",
 "libc",
 "version-compare",
]

[[package]]
name = "time"
version = "0.1.38"
source = "registry+https://github.com/rust-lang/crates.io-index"
checksum = "d5d788d3aa77bc0ef3e9621256885555368b47bd495c13dd2e7413c89f845520"
dependencies = [
 "kernel32-sys 0.2.2",
 "libc",
 "redox_syscall",
 "winapi",
]

[[package]]
name = "user32-sys"
version = "0.1.2"
source = "registry+https://github.com/rust-lang/crates.io-index"
checksum = "6717129de5ac253f5642fc78a51d0c7de6f9f53d617fc94e9bae7f6e71cf5504"
dependencies = [
 "winapi",
 "winapi-build",
]

[[package]]
name = "version-compare"
version = "0.1.0"
source = "registry+https://github.com/rust-lang/crates.io-index"
checksum = "fe88247b92c1df6b6de80ddc290f3976dbdf2f5f5d3fd049a9fb598c6dd5ca73"

[[package]]
name = "winapi"
version = "0.2.8"
source = "registry+https://github.com/rust-lang/crates.io-index"
checksum = "167dc9d6949a9b857f3451275e911c3f44255842c1f7a76f33c55103a909087a"

[[package]]
name = "winapi-build"
version = "0.1.1"
source = "registry+https://github.com/rust-lang/crates.io-index"
checksum = "2d315eee3b34aca4797b2da6b13ed88266e6d612562a0c46390af8299fc699bc"

[[package]]
name = "x11-dl"
version = "2.14.0"
source = "registry+https://github.com/rust-lang/crates.io-index"
checksum = "326c500cdc166fd7c70dd8c8a829cd5c0ce7be5a5d98c25817de2b9bdc67faf8"
dependencies = [
 "lazy_static 0.2.9",
 "libc",
 "pkg-config",
]
